
Microsoft Visual Studio Solution File, Format Version 12.00
# Visual Studio Version 16
VisualStudioVersion = 16.0.30114.105
MinimumVisualStudioVersion = 10.0.40219.1
Project("{FAE04EC0-301F-11D3-BF4B-00C04F79EFBC}") = "ConsoleApp1", "ConsoleApp1.csproj", "{073163F4-10EA-46EF-9378-1D8B52B396E9}"
EndProject
Global
	GlobalSection(SolutionConfigurationPlatforms) = preSolution
		Debug|Any CPU = Debug|Any CPU
		Release|Any CPU = Release|Any CPU
	EndGlobalSection
	GlobalSection(ProjectConfigurationPlatforms) = postSolution
		{073163F4-10EA-46EF-9378-1D8B52B396E9}.Debug|Any CPU.ActiveCfg = Debug|Any CPU
		{073163F4-10EA-46EF-9378-1D8B52B396E9}.Debug|Any CPU.Build.0 = Debug|Any CPU
		{073163F4-10EA-46EF-9378-1D8B52B396E9}.Release|Any CPU.ActiveCfg = Release|Any CPU
		{073163F4-10EA-46EF-9378-1D8B52B396E9}.Release|Any CPU.Build.0 = Release|Any CPU
	EndGlobalSection
	GlobalSection(SolutionProperties) = preSolution
		HideSolutionNode = FALSE
	EndGlobalSection
	GlobalSection(ExtensibilityGlobals) = postSolution
		SolutionGuid = {43CD1AEC-F825-4F4F-BA90-7A60F7F8451B}
	EndGlobalSection
EndGlobal
